
Microsoft Visual Studio Solution File, Format Version 12.00
# Visual Studio Version 17
VisualStudioVersion = 17.14.36603.0 d17.14
MinimumVisualStudioVersion = 10.0.40219.1
Project("{FAE04EC0-301F-11D3-BF4B-00C04F79EFBC}") = "Array_RemoveDuplicates", "Array_RemoveDuplicates\Array_RemoveDuplicates.csproj", "{02908C58-BFD2-40EC-9124-31407D80B33B}"
EndProject
Global
	GlobalSection(SolutionConfigurationPlatforms) = preSolution
		Debug|Any CPU = Debug|Any CPU
		Release|Any CPU = Release|Any CPU
	EndGlobalSection
	GlobalSection(ProjectConfigurationPlatforms) = postSolution
		{02908C58-BFD2-40EC-9124-31407D80B33B}.Debug|Any CPU.ActiveCfg = Debug|Any CPU
		{02908C58-BFD2-40EC-9124-31407D80B33B}.Debug|Any CPU.Build.0 = Debug|Any CPU
		{02908C58-BFD2-40EC-9124-31407D80B33B}.Release|Any CPU.ActiveCfg = Release|Any CPU
		{02908C58-BFD2-40EC-9124-31407D80B33B}.Release|Any CPU.Build.0 = Release|Any CPU
	EndGlobalSection
	GlobalSection(SolutionProperties) = preSolution
		HideSolutionNode = FALSE
	EndGlobalSection
	GlobalSection(ExtensibilityGlobals) = postSolution
		SolutionGuid = {83E30779-E8AE-4EA0-AD6B-F629C89EAFD0}
	EndGlobalSection
EndGlobal
