
Microsoft Visual Studio Solution File, Format Version 12.00
# Visual Studio Version 17
VisualStudioVersion = 17.14.36603.0 d17.14
MinimumVisualStudioVersion = 10.0.40219.1
Project("{FAE04EC0-301F-11D3-BF4B-00C04F79EFBC}") = "Datatypes_Questions", "Datatypes_Questions\Datatypes_Questions.csproj", "{443ACAB5-B252-4175-97EA-0C396505BA91}"
EndProject
Global
	GlobalSection(SolutionConfigurationPlatforms) = preSolution
		Debug|Any CPU = Debug|Any CPU
		Release|Any CPU = Release|Any CPU
	EndGlobalSection
	GlobalSection(ProjectConfigurationPlatforms) = postSolution
		{443ACAB5-B252-4175-97EA-0C396505BA91}.Debug|Any CPU.ActiveCfg = Debug|Any CPU
		{443ACAB5-B252-4175-97EA-0C396505BA91}.Debug|Any CPU.Build.0 = Debug|Any CPU
		{443ACAB5-B252-4175-97EA-0C396505BA91}.Release|Any CPU.ActiveCfg = Release|Any CPU
		{443ACAB5-B252-4175-97EA-0C396505BA91}.Release|Any CPU.Build.0 = Release|Any CPU
	EndGlobalSection
	GlobalSection(SolutionProperties) = preSolution
		HideSolutionNode = FALSE
	EndGlobalSection
	GlobalSection(ExtensibilityGlobals) = postSolution
		SolutionGuid = {FF7DC9D5-7A77-4EBA-81A9-22250F9EE604}
	EndGlobalSection
EndGlobal
